
Microsoft Visual Studio Solution File, Format Version 12.00
# Visual Studio 15
VisualStudioVersion = 15.0.28307.852
MinimumVisualStudioVersion = 10.0.40219.1
Project("{FAE04EC0-301F-11D3-BF4B-00C04F79EFBC}") = "SSHTool", "SSHTool\SSHTool.csproj", "{BA26913F-5512-4828-A04D-DCC5DCA3452B}"
EndProject
Global
	GlobalSection(SolutionConfigurationPlatforms) = preSolution
		Debug|Any CPU = Debug|Any CPU
		Release|Any CPU = Release|Any CPU
	EndGlobalSection
	GlobalSection(ProjectConfigurationPlatforms) = postSolution
		{BA26913F-5512-4828-A04D-DCC5DCA3452B}.Debug|Any CPU.ActiveCfg = Debug|Any CPU
		{BA26913F-5512-4828-A04D-DCC5DCA3452B}.Debug|Any CPU.Build.0 = Debug|Any CPU
		{BA26913F-5512-4828-A04D-DCC5DCA3452B}.Release|Any CPU.ActiveCfg = Release|Any CPU
		{BA26913F-5512-4828-A04D-DCC5DCA3452B}.Release|Any CPU.Build.0 = Release|Any CPU
	EndGlobalSection
	GlobalSection(SolutionProperties) = preSolution
		HideSolutionNode = FALSE
	EndGlobalSection
	GlobalSection(ExtensibilityGlobals) = postSolution
		SolutionGuid = {D9A30928-67B7-4FE5-91B7-1B8ED0652764}
	EndGlobalSection
EndGlobal
